
Microsoft Visual Studio Solution File, Format Version 12.00
# Visual Studio Version 16
VisualStudioVersion = 16.0.30002.166
MinimumVisualStudioVersion = 10.0.40219.1
Project("{FAE04EC0-301F-11D3-BF4B-00C04F79EFBC}") = "WaterMango", "WaterMango.csproj", "{6E273F8C-093B-402C-8655-29F07AA68839}"
EndProject
Global
	GlobalSection(SolutionConfigurationPlatforms) = preSolution
		Debug|Any CPU = Debug|Any CPU
		Release|Any CPU = Release|Any CPU
	EndGlobalSection
	GlobalSection(ProjectConfigurationPlatforms) = postSolution
		{6E273F8C-093B-402C-8655-29F07AA68839}.Debug|Any CPU.ActiveCfg = Debug|Any CPU
		{6E273F8C-093B-402C-8655-29F07AA68839}.Debug|Any CPU.Build.0 = Debug|Any CPU
		{6E273F8C-093B-402C-8655-29F07AA68839}.Release|Any CPU.ActiveCfg = Release|Any CPU
		{6E273F8C-093B-402C-8655-29F07AA68839}.Release|Any CPU.Build.0 = Release|Any CPU
	EndGlobalSection
	GlobalSection(SolutionProperties) = preSolution
		HideSolutionNode = FALSE
	EndGlobalSection
	GlobalSection(ExtensibilityGlobals) = postSolution
		SolutionGuid = {13FC5DEE-AE3B-400F-82CF-61F43ACB9930}
	EndGlobalSection
EndGlobal
